
Microsoft Visual Studio Solution File, Format Version 12.00
# Visual Studio 15
VisualStudioVersion = 15.0.26228.4
MinimumVisualStudioVersion = 10.0.40219.1
Project("{FAE04EC0-301F-11D3-BF4B-00C04F79EFBC}") = "SeqDistK", "SeqDistK\SeqDistK.csproj", "{94ED96B4-79DF-4D95-A0D5-7A52E73C6FEB}"
EndProject
Global
	GlobalSection(SolutionConfigurationPlatforms) = preSolution
		Debug|Any CPU = Debug|Any CPU
		Release|Any CPU = Release|Any CPU
	EndGlobalSection
	GlobalSection(ProjectConfigurationPlatforms) = postSolution
		{94ED96B4-79DF-4D95-A0D5-7A52E73C6FEB}.Debug|Any CPU.ActiveCfg = Debug|Any CPU
		{94ED96B4-79DF-4D95-A0D5-7A52E73C6FEB}.Debug|Any CPU.Build.0 = Debug|Any CPU
		{94ED96B4-79DF-4D95-A0D5-7A52E73C6FEB}.Release|Any CPU.ActiveCfg = Release|Any CPU
		{94ED96B4-79DF-4D95-A0D5-7A52E73C6FEB}.Release|Any CPU.Build.0 = Release|Any CPU
	EndGlobalSection
	GlobalSection(SolutionProperties) = preSolution
		HideSolutionNode = FALSE
	EndGlobalSection
	GlobalSection(ExtensibilityGlobals) = postSolution
		SolutionGuid = {C5A43C7A-AA35-4C50-B440-ACABC0170B23}
	EndGlobalSection
EndGlobal
